// !$*UTF8*$!
{
	archiveVersion = 1;
	classes = {
	};
	objectVersion = 46;
	objects = {

/* Begin PBXBuildFile section */
		4C9E46B31F3840150056ADEB /* Reachability.swift in Sources */ = {isa = PBXBuildFile; fileRef = 4C9E46B21F3840150056ADEB /* Reachability.swift */; };
		4CAF29891F37949F00428A00 /* CollectionViewCell.swift in Sources */ = {isa = PBXBuildFile; fileRef = 4CAF29881F37949F00428A00 /* CollectionViewCell.swift */; };
		4CBC69E01F371EFB00D8E431 /* AppDelegate.swift in Sources */ = {isa = PBXBuildFile; fileRef = 4CBC69DF1F371EFB00D8E431 /* AppDelegate.swift */; };
		4CBC69E21F371EFB00D8E431 /* ViewController.swift in Sources */ = {isa = PBXBuildFile; fileRef = 4CBC69E11F371EFB00D8E431 /* ViewController.swift */; };
		4CBC69E51F371EFB00D8E431 /* Main.storyboard in Resources */ = {isa = PBXBuildFile; fileRef = 4CBC69E31F371EFB00D8E431 /* Main.storyboard */; };
		4CBC69E71F371EFB00D8E431 /* Assets.xcassets in Resources */ = {isa = PBXBuildFile; fileRef = 4CBC69E61F371EFB00D8E431 /* Assets.xcassets */; };
		4CBC69EA1F371EFB00D8E431 /* LaunchScreen.storyboard in Resources */ = {isa = PBXBuildFile; fileRef = 4CBC69E81F371EFB00D8E431 /* LaunchScreen.storyboard */; };
/* End PBXBuildFile section */

/* Begin PBXFileReference section */
		4C9E46B21F3840150056ADEB /* Reachability.swift */ = {isa = PBXFileReference; fileEncoding = 4; lastKnownFileType = sourcecode.swift; name = Reachability.swift; path = "../../Reachability.swift-master/Reachability/Reachability.swift"; sourceTree = "<group>"; };
		4CAF29881F37949F00428A00 /* CollectionViewCell.swift */ = {isa = PBXFileReference; fileEncoding = 4; lastKnownFileType = sourcecode.swift; path = CollectionViewCell.swift; sourceTree = "<group>"; };
		4CBC69DC1F371EFB00D8E431 /* imagesearch.app */ = {isa = PBXFileReference; explicitFileType = wrapper.application; includeInIndex = 0; path = imagesearch.app; sourceTree = BUILT_PRODUCTS_DIR; };
		4CBC69DF1F371EFB00D8E431 /* AppDelegate.swift */ = {isa = PBXFileReference; lastKnownFileType = sourcecode.swift; path = AppDelegate.swift; sourceTree = "<group>"; };
		4CBC69E11F371EFB00D8E431 /* ViewController.swift */ = {isa = PBXFileReference; lastKnownFileType = sourcecode.swift; path = ViewController.swift; sourceTree = "<group>"; };
		4CBC69E41F371EFB00D8E431 /* Base */ = {isa = PBXFileReference; lastKnownFileType = file.storyboard; name = Base; path = Base.lproj/Main.storyboard; sourceTree = "<group>"; };
		4CBC69E61F371EFB00D8E431 /* Assets.xcassets */ = {isa = PBXFileReference; lastKnownFileType = folder.assetcatalog; path = Assets.xcassets; sourceTree = "<group>"; };
		4CBC69E91F371EFB00D8E431 /* Base */ = {isa = PBXFileReference; lastKnownFileType = file.storyboard; name = Base; path = Base.lproj/LaunchScreen.storyboard; sourceTree = "<group>"; };
		4CBC69EB1F371EFB00D8E431 /* Info.plist */ = {isa = PBXFileReference; lastKnownFileType = text.plist.xml; path = Info.plist; sourceTree = "<group>"; };
/* End PBXFileReference section */

/* Begin PBXFrameworksBuildPhase section */
		4CBC69D91F371EFA00D8E431 /* Frameworks */ = {
			isa = PBXFrameworksBuildPhase;
			buildActionMask = 2147483647;
			files = (
			);
			runOnlyForDeploymentPostprocessing = 0;
		};
/* End PBXFrameworksBuildPhase section */

/* Begin PBXGroup section */
		4CBC69D31F371EFA00D8E431 = {
			isa = PBXGroup;
			children = (
				4CBC69DE1F371EFB00D8E431 /* imagesearch */,
				4CBC69DD1F371EFB00D8E431 /* Products */,
			);
			sourceTree = "<group>";
		};
		4CBC69DD1F371EFB00D8E431 /* Products */ = {
			isa = PBXGroup;
			children = (
				4CBC69DC1F371EFB00D8E431 /* imagesearch.app */,
			);
			name = Products;
			sourceTree = "<group>";
		};
		4CBC69DE1F371EFB00D8E431 /* imagesearch */ = {
			isa = PBXGroup;
			children = (
				4CBC69DF1F371EFB00D8E431 /* AppDelegate.swift */,
				4CBC69E11F371EFB00D8E431 /* ViewController.swift */,
				4CAF29881F37949F00428A00 /* CollectionViewCell.swift */,
				4C9E46B21F3840150056ADEB /* Reachability.swift */,
				4CBC69E31F371EFB00D8E431 /* Main.storyboard */,
				4CBC69E61F371EFB00D8E431 /* Assets.xcassets */,
				4CBC69E81F371EFB00D8E431 /* LaunchScreen.storyboard */,
				4CBC69EB1F371EFB00D8E431 /* Info.plist */,
			);
			path = imagesearch;
			sourceTree = "<group>";
		};
/* End PBXGroup section */

/* Begin PBXNativeTarget section */
		4CBC69DB1F371EFA00D8E431 /* imagesearch */ = {
			isa = PBXNativeTarget;
			buildConfigurationList = 4CBC69EE1F371EFB00D8E431 /* Build configuration list for PBXNativeTarget "imagesearch" */;
			buildPhases = (
				4CBC69D81F371EFA00D8E431 /* Sources */,
				4CBC69D91F371EFA00D8E431 /* Frameworks */,
				4CBC69DA1F371EFA00D8E431 /* Resources */,
			);
			buildRules = (
			);
			dependencies = (
			);
			name = imagesearch;
			productName = imagesearch;
			productReference = 4CBC69DC1F371EFB00D8E431 /* imagesearch.app */;
			productType = "com.apple.product-type.application";
		};
/* End PBXNativeTarget section */

/* Begin PBXProject section */
		4CBC69D41F371EFA00D8E431 /* Project object */ = {
			isa = PBXProject;
			attributes = {
				LastSwiftUpdateCheck = 0800;
				LastUpgradeCheck = 0800;
				ORGANIZATIONNAME = ishwaryaraja;
				TargetAttributes = {
					4CBC69DB1F371EFA00D8E431 = {
						CreatedOnToolsVersion = 8.0;
						DevelopmentTeam = V8A592RBCS;
						ProvisioningStyle = Automatic;
					};
				};
			};
			buildConfigurationList = 4CBC69D71F371EFA00D8E431 /* Build configuration list for PBXProject "imagesearch" */;
			compatibilityVersion = "Xcode 3.2";
			developmentRegion = English;
			hasScannedForEncodings = 0;
			knownRegions = (
				en,
				Base,
			);
			mainGroup = 4CBC69D31F371EFA00D8E431;
			productRefGroup = 4CBC69DD1F371EFB00D8E431 /* Products */;
			projectDirPath = "";
			projectRoot = "";
			targets = (
				4CBC69DB1F371EFA00D8E431 /* imagesearch */,
			);
		};
/* End PBXProject section */

/* Begin PBXResourcesBuildPhase section */
		4CBC69DA1F371EFA00D8E431 /* Resources */ = {
			isa = PBXResourcesBuildPhase;
			buildActionMask = 2147483647;
			files = (
				4CBC69EA1F371EFB00D8E431 /* LaunchScreen.storyboard in Resources */,
				4CBC69E71F371EFB00D8E431 /* Assets.xcassets in Resources */,
				4CBC69E51F371EFB00D8E431 /* Main.storyboard in Resources */,
			);
			runOnlyForDeploymentPostprocessing = 0;
		};
/* End PBXResourcesBuildPhase section */

/* Begin PBXSourcesBuildPhase section */
		4CBC69D81F371EFA00D8E431 /* Sources */ = {
			isa = PBXSourcesBuildPhase;
			buildActionMask = 2147483647;
			files = (
				4CBC69E21F371EFB00D8E431 /* ViewController.swift in Sources */,
				4CBC69E01F371EFB00D8E431 /* AppDelegate.swift in Sources */,
				4C9E46B31F3840150056ADEB /* Reachability.swift in Sources */,
				4CAF29891F37949F00428A00 /* CollectionViewCell.swift in Sources */,
			);
			runOnlyForDeploymentPostprocessing = 0;
		};
/* End PBXSourcesBuildPhase section */

/* Begin PBXVariantGroup section */
		4CBC69E31F371EFB00D8E431 /* Main.storyboard */ = {
			isa = PBXVariantGroup;
			children = (
				4CBC69E41F371EFB00D8E431 /* Base */,
			);
			name = Main.storyboard;
			sourceTree = "<group>";
		};
		4CBC69E81F371EFB00D8E431 /* LaunchScreen.storyboard */ = {
			isa = PBXVariantGroup;
			children = (
				4CBC69E91F371EFB00D8E431 /* Base */,
			);
			name = LaunchScreen.storyboard;
			sourceTree = "<group>";
		};
/* End PBXVariantGroup section */

/* Begin XCBuildConfiguration section */
		4CBC69EC1F371EFB00D8E431 /* Debug */ = {
			isa = XCBuildConfiguration;
			buildSettings = {
				ALWAYS_SEARCH_USER_PATHS = NO;
				CLANG_ANALYZER_NONNULL = YES;
				CLANG_CXX_LANGUAGE_STANDARD = "gnu++0x";
				CLANG_CXX_LIBRARY = "libc++";
				CLANG_ENABLE_MODULES = YES;
				CLANG_ENABLE_OBJC_ARC = YES;
				CLANG_WARN_BOOL_CONVERSION = YES;
				CLANG_WARN_CONSTANT_CONVERSION = YES;
				CLANG_WARN_DIRECT_OBJC_ISA_USAGE = YES_ERROR;
				CLANG_WARN_DOCUMENTATION_COMMENTS = YES;
				CLANG_WARN_EMPTY_BODY = YES;
				CLANG_WARN_ENUM_CONVERSION = YES;
				CLANG_WARN_INFINITE_RECURSION = YES;
				CLANG_WARN_INT_CONVERSION = YES;
				CLANG_WARN_OBJC_ROOT_CLASS = YES_ERROR;
				CLANG_WARN_SUSPICIOUS_MOVES = YES;
				CLANG_WARN_UNREACHABLE_CODE = YES;
				CLANG_WARN__DUPLICATE_METHOD_MATCH = YES;
				"CODE_SIGN_IDENTITY[sdk=iphoneos*]" = "iPhone Developer";
				COPY_PHASE_STRIP = NO;
				DEBUG_INFORMATION_FORMAT = dwarf;
				ENABLE_STRICT_OBJC_MSGSEND = YES;
				ENABLE_TESTABILITY = YES;
				GCC_C_LANGUAGE_STANDARD = gnu99;
				GCC_DYNAMIC_NO_PIC = NO;
				GCC_NO_COMMON_BLOCKS = YES;
				GCC_OPTIMIZATION_LEVEL = 0;
				GCC_PREPROCESSOR_DEFINITIONS = (
					"DEBUG=1",
					"$(inherited)",
				);
				GCC_WARN_64_TO_32_BIT_CONVERSION = YES;
				GCC_WARN_ABOUT_RETURN_TYPE = YES_ERROR;
				GCC_WARN_UNDECLARED_SELECTOR = YES;
				GCC_WARN_UNINITIALIZED_AUTOS = YES_AGGRESSIVE;
				GCC_WARN_UNUSED_FUNCTION = YES;
				GCC_WARN_UNUSED_VARIABLE = YES;
				IPHONEOS_DEPLOYMENT_TARGET = 10.0;
				MTL_ENABLE_DEBUG_INFO = YES;
				ONLY_ACTIVE_ARCH = YES;
				SDKROOT = iphoneos;
				SWIFT_ACTIVE_COMPILATION_CONDITIONS = DEBUG;
				SWIFT_OPTIMIZATION_LEVEL = "-Onone";
			};
			name = Debug;
		};
		4CBC69ED1F371EFB00D8E431 /* Release */ = {
			isa = XCBuildConfiguration;
			buildSettings = {
				ALWAYS_SEARCH_USER_PATHS = NO;
				CLANG_ANALYZER_NONNULL = YES;
				CLANG_CXX_LANGUAGE_STANDARD = "gnu++0x";
				CLANG_CXX_LIBRARY = "libc++";
				CLANG_ENABLE_MODULES = YES;
				CLANG_ENABLE_OBJC_ARC = YES;
				CLANG_WARN_BOOL_CONVERSION = YES;
				CLANG_WARN_CONSTANT_CONVERSION = YES;
				CLANG_WARN_DIRECT_OBJC_ISA_USAGE = YES_ERROR;
				CLANG_WARN_DOCUMENTATION_COMMENTS = YES;
				CLANG_WARN_EMPTY_BODY = YES;
				CLANG_WARN_ENUM_CONVERSION = YES;
				CLANG_WARN_INFINITE_RECURSION = YES;
				CLANG_WARN_INT_CONVERSION = YES;
				CLANG_WARN_OBJC_ROOT_CLASS = YES_ERROR;
				CLANG_WARN_SUSPICIOUS_MOVES = YES;
				CLANG_WARN_UNREACHABLE_CODE = YES;
				CLANG_WARN__DUPLICATE_METHOD_MATCH = YES;
				"CODE_SIGN_IDENTITY[sdk=iphoneos*]" = "iPhone Developer";
				COPY_PHASE_STRIP = NO;
				DEBUG_INFORMATION_FORMAT = "dwarf-with-dsym";
				ENABLE_NS_ASSERTIONS = NO;
				ENABLE_STRICT_OBJC_MSGSEND = YES;
				GCC_C_LANGUAGE_STANDARD = gnu99;
				GCC_NO_COMMON_BLOCKS = YES;
				GCC_WARN_64_TO_32_BIT_CONVERSION = YES;
				GCC_WARN_ABOUT_RETURN_TYPE = YES_ERROR;
				GCC_WARN_UNDECLARED_SELECTOR = YES;
				GCC_WARN_UNINITIALIZED_AUTOS = YES_AGGRESSIVE;
				GCC_WARN_UNUSED_FUNCTION = YES;
				GCC_WARN_UNUSED_VARIABLE = YES;
				IPHONEOS_DEPLOYMENT_TARGET = 10.0;
				MTL_ENABLE_DEBUG_INFO = NO;
				SDKROOT = iphoneos;
				SWIFT_OPTIMIZATION_LEVEL = "-Owholemodule";
				VALIDATE_PRODUCT = YES;
			};
			name = Release;
		};
		4CBC69EF1F371EFB00D8E431 /* Debug */ = {
			isa = XCBuildConfiguration;
			buildSettings = {
				ASSETCATALOG_COMPILER_APPICON_NAME = AppIcon;
				DEVELOPMENT_TEAM = V8A592RBCS;
				INFOPLIST_FILE = imagesearch/Info.plist;
				LD_RUNPATH_SEARCH_PATHS = "$(inherited) @executable_path/Frameworks";
				PRODUCT_BUNDLE_IDENTIFIER = com.ishwarya.imagesearch;
				PRODUCT_NAME = "$(TARGET_NAME)";
				SWIFT_VERSION = 3.0;
			};
			name = Debug;
		};
		4CBC69F01F371EFB00D8E431 /* Release */ = {
			isa = XCBuildConfiguration;
			buildSettings = {
				ASSETCATALOG_COMPILER_APPICON_NAME = AppIcon;
				DEVELOPMENT_TEAM = V8A592RBCS;
				INFOPLIST_FILE = imagesearch/Info.plist;
				LD_RUNPATH_SEARCH_PATHS = "$(inherited) @executable_path/Frameworks";
				PRODUCT_BUNDLE_IDENTIFIER = com.ishwarya.imagesearch;
				PRODUCT_NAME = "$(TARGET_NAME)";
				SWIFT_VERSION = 3.0;
			};
			name = Release;
		};
/* End XCBuildConfiguration section */

/* Begin XCConfigurationList section */
		4CBC69D71F371EFA00D8E431 /* Build configuration list for PBXProject "imagesearch" */ = {
			isa = XCConfigurationList;
			buildConfigurations = (
				4CBC69EC1F371EFB00D8E431 /* Debug */,
				4CBC69ED1F371EFB00D8E431 /* Release */,
			);
			defaultConfigurationIsVisible = 0;
			defaultConfigurationName = Release;
		};
		4CBC69EE1F371EFB00D8E431 /* Build configuration list for PBXNativeTarget "imagesearch" */ = {
			isa = XCConfigurationList;
			buildConfigurations = (
				4CBC69EF1F371EFB00D8E431 /* Debug */,
				4CBC69F01F371EFB00D8E431 /* Release */,
			);
			defaultConfigurationIsVisible = 0;
			defaultConfigurationName = Release;
		};
/* End XCConfigurationList section */
	};
	rootObject = 4CBC69D41F371EFA00D8E431 /* Project object */;
}
